
Microsoft Visual Studio Solution File, Format Version 12.00
# Visual Studio 15
VisualStudioVersion = 15.0.26403.7
MinimumVisualStudioVersion = 10.0.40219.1
Project("{FAE04EC0-301F-11D3-BF4B-00C04F79EFBC}") = "databaseApp.Android", "databaseApp\databaseApp.Android\databaseApp.Android.csproj", "{6ADDF584-FA52-45D8-AACD-5A37BFC05366}"
EndProject
Project("{FAE04EC0-301F-11D3-BF4B-00C04F79EFBC}") = "databaseApp", "databaseApp\databaseApp\databaseApp.csproj", "{FDDA3312-8A52-4E98-AE58-A137B09B78EA}"
EndProject
Project("{FAE04EC0-301F-11D3-BF4B-00C04F79EFBC}") = "databaseApp.iOS", "databaseApp\databaseApp.iOS\databaseApp.iOS.csproj", "{392F2138-75C7-44B3-9EA2-F5DA46D187B1}"
EndProject
Global
	GlobalSection(SolutionConfigurationPlatforms) = preSolution
		Ad-Hoc|Any CPU = Ad-Hoc|Any CPU
		Ad-Hoc|iPhone = Ad-Hoc|iPhone
		Ad-Hoc|iPhoneSimulator = Ad-Hoc|iPhoneSimulator
		AppStore|Any CPU = AppStore|Any CPU
		AppStore|iPhone = AppStore|iPhone
		AppStore|iPhoneSimulator = AppStore|iPhoneSimulator
		Debug|Any CPU = Debug|Any CPU
		Debug|iPhone = Debug|iPhone
		Debug|iPhoneSimulator = Debug|iPhoneSimulator
		Release|Any CPU = Release|Any CPU
		Release|iPhone = Release|iPhone
		Release|iPhoneSimulator = Release|iPhoneSimulator
	EndGlobalSection
	GlobalSection(ProjectConfigurationPlatforms) = postSolution
		{6ADDF584-FA52-45D8-AACD-5A37BFC05366}.Ad-Hoc|Any CPU.ActiveCfg = Release|Any CPU
		{6ADDF584-FA52-45D8-AACD-5A37BFC05366}.Ad-Hoc|Any CPU.Build.0 = Release|Any CPU
		{6ADDF584-FA52-45D8-AACD-5A37BFC05366}.Ad-Hoc|Any CPU.Deploy.0 = Release|Any CPU
		{6ADDF584-FA52-45D8-AACD-5A37BFC05366}.Ad-Hoc|iPhone.ActiveCfg = Release|Any CPU
		{6ADDF584-FA52-45D8-AACD-5A37BFC05366}.Ad-Hoc|iPhone.Build.0 = Release|Any CPU
		{6ADDF584-FA52-45D8-AACD-5A37BFC05366}.Ad-Hoc|iPhone.Deploy.0 = Release|Any CPU
		{6ADDF584-FA52-45D8-AACD-5A37BFC05366}.Ad-Hoc|iPhoneSimulator.ActiveCfg = Release|Any CPU
		{6ADDF584-FA52-45D8-AACD-5A37BFC05366}.Ad-Hoc|iPhoneSimulator.Build.0 = Release|Any CPU
		{6ADDF584-FA52-45D8-AACD-5A37BFC05366}.Ad-Hoc|iPhoneSimulator.Deploy.0 = Release|Any CPU
		{6ADDF584-FA52-45D8-AACD-5A37BFC05366}.AppStore|Any CPU.ActiveCfg = Release|Any CPU
		{6ADDF584-FA52-45D8-AACD-5A37BFC05366}.AppStore|Any CPU.Build.0 = Release|Any CPU
		{6ADDF584-FA52-45D8-AACD-5A37BFC05366}.AppStore|Any CPU.Deploy.0 = Release|Any CPU
		{6ADDF584-FA52-45D8-AACD-5A37BFC05366}.AppStore|iPhone.ActiveCfg = Release|Any CPU
		{6ADDF584-FA52-45D8-AACD-5A37BFC05366}.AppStore|iPhone.Build.0 = Release|Any CPU
		{6ADDF584-FA52-45D8-AACD-5A37BFC05366}.AppStore|iPhone.Deploy.0 = Release|Any CPU
		{6ADDF584-FA52-45D8-AACD-5A37BFC05366}.AppStore|iPhoneSimulator.ActiveCfg = Release|Any CPU
		{6ADDF584-FA52-45D8-AACD-5A37BFC05366}.AppStore|iPhoneSimulator.Build.0 = Release|Any CPU
		{6ADDF584-FA52-45D8-AACD-5A37BFC05366}.AppStore|iPhoneSimulator.Deploy.0 = Release|Any CPU
		{6ADDF584-FA52-45D8-AACD-5A37BFC05366}.Debug|Any CPU.ActiveCfg = Debug|Any CPU
		{6ADDF584-FA52-45D8-AACD-5A37BFC05366}.Debug|Any CPU.Build.0 = Debug|Any CPU
		{6ADDF584-FA52-45D8-AACD-5A37BFC05366}.Debug|Any CPU.Deploy.0 = Debug|Any CPU
		{6ADDF584-FA52-45D8-AACD-5A37BFC05366}.Debug|iPhone.ActiveCfg = Debug|Any CPU
		{6ADDF584-FA52-45D8-AACD-5A37BFC05366}.Debug|iPhone.Build.0 = Debug|Any CPU
		{6ADDF584-FA52-45D8-AACD-5A37BFC05366}.Debug|iPhone.Deploy.0 = Debug|Any CPU
		{6ADDF584-FA52-45D8-AACD-5A37BFC05366}.Debug|iPhoneSimulator.ActiveCfg = Debug|Any CPU
		{6ADDF584-FA52-45D8-AACD-5A37BFC05366}.Debug|iPhoneSimulator.Build.0 = Debug|Any CPU
		{6ADDF584-FA52-45D8-AACD-5A37BFC05366}.Debug|iPhoneSimulator.Deploy.0 = Debug|Any CPU
		{6ADDF584-FA52-45D8-AACD-5A37BFC05366}.Release|Any CPU.ActiveCfg = Release|Any CPU
		{6ADDF584-FA52-45D8-AACD-5A37BFC05366}.Release|Any CPU.Build.0 = Release|Any CPU
		{6ADDF584-FA52-45D8-AACD-5A37BFC05366}.Release|Any CPU.Deploy.0 = Release|Any CPU
		{6ADDF584-FA52-45D8-AACD-5A37BFC05366}.Release|iPhone.ActiveCfg = Release|Any CPU
		{6ADDF584-FA52-45D8-AACD-5A37BFC05366}.Release|iPhone.Build.0 = Release|Any CPU
		{6ADDF584-FA52-45D8-AACD-5A37BFC05366}.Release|iPhone.Deploy.0 = Release|Any CPU
		{6ADDF584-FA52-45D8-AACD-5A37BFC05366}.Release|iPhoneSimulator.ActiveCfg = Release|Any CPU
		{6ADDF584-FA52-45D8-AACD-5A37BFC05366}.Release|iPhoneSimulator.Build.0 = Release|Any CPU
		{6ADDF584-FA52-45D8-AACD-5A37BFC05366}.Release|iPhoneSimulator.Deploy.0 = Release|Any CPU
		{FDDA3312-8A52-4E98-AE58-A137B09B78EA}.Ad-Hoc|Any CPU.ActiveCfg = Release|Any CPU
		{FDDA3312-8A52-4E98-AE58-A137B09B78EA}.Ad-Hoc|Any CPU.Build.0 = Release|Any CPU
		{FDDA3312-8A52-4E98-AE58-A137B09B78EA}.Ad-Hoc|iPhone.ActiveCfg = Release|Any CPU
		{FDDA3312-8A52-4E98-AE58-A137B09B78EA}.Ad-Hoc|iPhone.Build.0 = Release|Any CPU
		{FDDA3312-8A52-4E98-AE58-A137B09B78EA}.Ad-Hoc|iPhoneSimulator.ActiveCfg = Release|Any CPU
		{FDDA3312-8A52-4E98-AE58-A137B09B78EA}.Ad-Hoc|iPhoneSimulator.Build.0 = Release|Any CPU
		{FDDA3312-8A52-4E98-AE58-A137B09B78EA}.AppStore|Any CPU.ActiveCfg = Release|Any CPU
		{FDDA3312-8A52-4E98-AE58-A137B09B78EA}.AppStore|Any CPU.Build.0 = Release|Any CPU
		{FDDA3312-8A52-4E98-AE58-A137B09B78EA}.AppStore|iPhone.ActiveCfg = Release|Any CPU
		{FDDA3312-8A52-4E98-AE58-A137B09B78EA}.AppStore|iPhone.Build.0 = Release|Any CPU
		{FDDA3312-8A52-4E98-AE58-A137B09B78EA}.AppStore|iPhoneSimulator.ActiveCfg = Release|Any CPU
		{FDDA3312-8A52-4E98-AE58-A137B09B78EA}.AppStore|iPhoneSimulator.Build.0 = Release|Any CPU
		{FDDA3312-8A52-4E98-AE58-A137B09B78EA}.Debug|Any CPU.ActiveCfg = Debug|Any CPU
		{FDDA3312-8A52-4E98-AE58-A137B09B78EA}.Debug|Any CPU.Build.0 = Debug|Any CPU
		{FDDA3312-8A52-4E98-AE58-A137B09B78EA}.Debug|iPhone.ActiveCfg = Debug|Any CPU
		{FDDA3312-8A52-4E98-AE58-A137B09B78EA}.Debug|iPhone.Build.0 = Debug|Any CPU
		{FDDA3312-8A52-4E98-AE58-A137B09B78EA}.Debug|iPhoneSimulator.ActiveCfg = Debug|Any CPU
		{FDDA3312-8A52-4E98-AE58-A137B09B78EA}.Debug|iPhoneSimulator.Build.0 = Debug|Any CPU
		{FDDA3312-8A52-4E98-AE58-A137B09B78EA}.Release|Any CPU.ActiveCfg = Release|Any CPU
		{FDDA3312-8A52-4E98-AE58-A137B09B78EA}.Release|Any CPU.Build.0 = Release|Any CPU
		{FDDA3312-8A52-4E98-AE58-A137B09B78EA}.Release|iPhone.ActiveCfg = Release|Any CPU
		{FDDA3312-8A52-4E98-AE58-A137B09B78EA}.Release|iPhone.Build.0 = Release|Any CPU
		{FDDA3312-8A52-4E98-AE58-A137B09B78EA}.Release|iPhoneSimulator.ActiveCfg = Release|Any CPU
		{FDDA3312-8A52-4E98-AE58-A137B09B78EA}.Release|iPhoneSimulator.Build.0 = Release|Any CPU
		{392F2138-75C7-44B3-9EA2-F5DA46D187B1}.Ad-Hoc|Any CPU.ActiveCfg = Ad-Hoc|iPhone
		{392F2138-75C7-44B3-9EA2-F5DA46D187B1}.Ad-Hoc|iPhone.ActiveCfg = Ad-Hoc|iPhone
		{392F2138-75C7-44B3-9EA2-F5DA46D187B1}.Ad-Hoc|iPhone.Build.0 = Ad-Hoc|iPhone
		{392F2138-75C7-44B3-9EA2-F5DA46D187B1}.Ad-Hoc|iPhoneSimulator.ActiveCfg = Ad-Hoc|iPhoneSimulator
		{392F2138-75C7-44B3-9EA2-F5DA46D187B1}.Ad-Hoc|iPhoneSimulator.Build.0 = Ad-Hoc|iPhoneSimulator
		{392F2138-75C7-44B3-9EA2-F5DA46D187B1}.AppStore|Any CPU.ActiveCfg = AppStore|iPhone
		{392F2138-75C7-44B3-9EA2-F5DA46D187B1}.AppStore|iPhone.ActiveCfg = AppStore|iPhone
		{392F2138-75C7-44B3-9EA2-F5DA46D187B1}.AppStore|iPhone.Build.0 = AppStore|iPhone
		{392F2138-75C7-44B3-9EA2-F5DA46D187B1}.AppStore|iPhoneSimulator.ActiveCfg = AppStore|iPhoneSimulator
		{392F2138-75C7-44B3-9EA2-F5DA46D187B1}.AppStore|iPhoneSimulator.Build.0 = AppStore|iPhoneSimulator
		{392F2138-75C7-44B3-9EA2-F5DA46D187B1}.Debug|Any CPU.ActiveCfg = Debug|iPhone
		{392F2138-75C7-44B3-9EA2-F5DA46D187B1}.Debug|iPhone.ActiveCfg = Debug|iPhone
		{392F2138-75C7-44B3-9EA2-F5DA46D187B1}.Debug|iPhone.Build.0 = Debug|iPhone
		{392F2138-75C7-44B3-9EA2-F5DA46D187B1}.Debug|iPhoneSimulator.ActiveCfg = Debug|iPhoneSimulator
		{392F2138-75C7-44B3-9EA2-F5DA46D187B1}.Debug|iPhoneSimulator.Build.0 = Debug|iPhoneSimulator
		{392F2138-75C7-44B3-9EA2-F5DA46D187B1}.Release|Any CPU.ActiveCfg = Release|iPhone
		{392F2138-75C7-44B3-9EA2-F5DA46D187B1}.Release|iPhone.ActiveCfg = Release|iPhone
		{392F2138-75C7-44B3-9EA2-F5DA46D187B1}.Release|iPhone.Build.0 = Release|iPhone
		{392F2138-75C7-44B3-9EA2-F5DA46D187B1}.Release|iPhoneSimulator.ActiveCfg = Release|iPhoneSimulator
		{392F2138-75C7-44B3-9EA2-F5DA46D187B1}.Release|iPhoneSimulator.Build.0 = Release|iPhoneSimulator
	EndGlobalSection
	GlobalSection(SolutionProperties) = preSolution
		HideSolutionNode = FALSE
	EndGlobalSection
EndGlobal
